{
  "requires": true,
  "lockfileVersion": 1,
  "dependencies": {
    "vendors": {
      "version": "2.0.0",
      "resolved": "https://registry.npmjs.org/vendors/-/vendors-2.0.0.tgz",
      "integrity": "sha512-IW/gTMLbupkKb1lbop2WhjeTZrnnunhddZ11aQfwMRGY5Evk+a9jIfKZA56wp9/tmLvNKy/9yJtX9vBPu7z4lA=="
    }
  }
}
